Microsoft Visual Studio Solution File, Format Version 12.00
# Visual Studio Version 17
VisualStudioVersion = 17.5.2.0
MinimumVisualStudioVersion = 10.0.40219.1
Project("{FAE04EC0-301F-11D3-BF4B-00C04F79EFBC}") = "BookManagement", "BookManagement.csproj", "{4F2414D9-D6AA-B58B-16AC-25C9FFA8B93A}"
EndProject
Project("{FAE04EC0-301F-11D3-BF4B-00C04F79EFBC}") = "Rotativa", "wwwroot\Rotativa.csproj", "{5D00A2BE-D481-027F-4512-4C2F39F158E5}"
EndProject
Global
	GlobalSection(SolutionConfigurationPlatforms) = preSolution
		Debug|Any CPU = Debug|Any CPU
		Release|Any CPU = Release|Any CPU
	EndGlobalSection
	GlobalSection(ProjectConfigurationPlatforms) = postSolution
		{4F2414D9-D6AA-B58B-16AC-25C9FFA8B93A}.Debug|Any CPU.ActiveCfg = Debug|Any CPU
		{4F2414D9-D6AA-B58B-16AC-25C9FFA8B93A}.Debug|Any CPU.Build.0 = Debug|Any CPU
		{4F2414D9-D6AA-B58B-16AC-25C9FFA8B93A}.Release|Any CPU.ActiveCfg = Release|Any CPU
		{4F2414D9-D6AA-B58B-16AC-25C9FFA8B93A}.Release|Any CPU.Build.0 = Release|Any CPU
		{5D00A2BE-D481-027F-4512-4C2F39F158E5}.Debug|Any CPU.ActiveCfg = Debug|Any CPU
		{5D00A2BE-D481-027F-4512-4C2F39F158E5}.Debug|Any CPU.Build.0 = Debug|Any CPU
		{5D00A2BE-D481-027F-4512-4C2F39F158E5}.Release|Any CPU.ActiveCfg = Release|Any CPU
		{5D00A2BE-D481-027F-4512-4C2F39F158E5}.Release|Any CPU.Build.0 = Release|Any CPU
	EndGlobalSection
	GlobalSection(SolutionProperties) = preSolution
		HideSolutionNode = FALSE
	EndGlobalSection
	GlobalSection(ExtensibilityGlobals) = postSolution
		SolutionGuid = {D1F777FF-8853-42C3-94B3-D4B86BB90E8C}
	EndGlobalSection
EndGlobal
